
Microsoft Visual Studio Solution File, Format Version 12.00
# Visual Studio Version 17
VisualStudioVersion = 17.5.002.0
MinimumVisualStudioVersion = 10.0.40219.1
Project("{9A19103F-16F7-4668-BE54-9A1E7A4F7556}") = "StringFormatting", "StringFormatting.csproj", "{CFF4C595-93B4-4E9C-8DF9-1537652EA631}"
EndProject
Global
	GlobalSection(SolutionConfigurationPlatforms) = preSolution
		Debug|Any CPU = Debug|Any CPU
		Release|Any CPU = Release|Any CPU
	EndGlobalSection
	GlobalSection(ProjectConfigurationPlatforms) = postSolution
		{CFF4C595-93B4-4E9C-8DF9-1537652EA631}.Debug|Any CPU.ActiveCfg = Debug|Any CPU
		{CFF4C595-93B4-4E9C-8DF9-1537652EA631}.Debug|Any CPU.Build.0 = Debug|Any CPU
		{CFF4C595-93B4-4E9C-8DF9-1537652EA631}.Release|Any CPU.ActiveCfg = Release|Any CPU
		{CFF4C595-93B4-4E9C-8DF9-1537652EA631}.Release|Any CPU.Build.0 = Release|Any CPU
	EndGlobalSection
	GlobalSection(SolutionProperties) = preSolution
		HideSolutionNode = FALSE
	EndGlobalSection
	GlobalSection(ExtensibilityGlobals) = postSolution
		SolutionGuid = {F5CD25E2-1ED8-4831-BE3A-FC50DF158680}
	EndGlobalSection
EndGlobal
