
Microsoft Visual Studio Solution File, Format Version 12.00
# Visual Studio Version 17
VisualStudioVersion = 17.5.002.0
MinimumVisualStudioVersion = 10.0.40219.1
Project("{9A19103F-16F7-4668-BE54-9A1E7A4F7556}") = "PettingZoo", "PettingZoo.csproj", "{A8B73F4A-77AD-41A7-8FB4-1E485F3AB6E1}"
EndProject
Global
	GlobalSection(SolutionConfigurationPlatforms) = preSolution
		Debug|Any CPU = Debug|Any CPU
		Release|Any CPU = Release|Any CPU
	EndGlobalSection
	GlobalSection(ProjectConfigurationPlatforms) = postSolution
		{A8B73F4A-77AD-41A7-8FB4-1E485F3AB6E1}.Debug|Any CPU.ActiveCfg = Debug|Any CPU
		{A8B73F4A-77AD-41A7-8FB4-1E485F3AB6E1}.Debug|Any CPU.Build.0 = Debug|Any CPU
		{A8B73F4A-77AD-41A7-8FB4-1E485F3AB6E1}.Release|Any CPU.ActiveCfg = Release|Any CPU
		{A8B73F4A-77AD-41A7-8FB4-1E485F3AB6E1}.Release|Any CPU.Build.0 = Release|Any CPU
	EndGlobalSection
	GlobalSection(SolutionProperties) = preSolution
		HideSolutionNode = FALSE
	EndGlobalSection
	GlobalSection(ExtensibilityGlobals) = postSolution
		SolutionGuid = {87575221-3DB9-498D-97C6-938E1DF65ACA}
	EndGlobalSection
EndGlobal
