
Microsoft Visual Studio Solution File, Format Version 12.00
# Visual Studio Version 17
VisualStudioVersion = 17.5.002.0
MinimumVisualStudioVersion = 10.0.40219.1
Project("{9A19103F-16F7-4668-BE54-9A1E7A4F7556}") = "CastDataTypes", "CastDataTypes.csproj", "{E9104277-F382-47B4-9DE6-C4094D6E61C0}"
EndProject
Global
	GlobalSection(SolutionConfigurationPlatforms) = preSolution
		Debug|Any CPU = Debug|Any CPU
		Release|Any CPU = Release|Any CPU
	EndGlobalSection
	GlobalSection(ProjectConfigurationPlatforms) = postSolution
		{E9104277-F382-47B4-9DE6-C4094D6E61C0}.Debug|Any CPU.ActiveCfg = Debug|Any CPU
		{E9104277-F382-47B4-9DE6-C4094D6E61C0}.Debug|Any CPU.Build.0 = Debug|Any CPU
		{E9104277-F382-47B4-9DE6-C4094D6E61C0}.Release|Any CPU.ActiveCfg = Release|Any CPU
		{E9104277-F382-47B4-9DE6-C4094D6E61C0}.Release|Any CPU.Build.0 = Release|Any CPU
	EndGlobalSection
	GlobalSection(SolutionProperties) = preSolution
		HideSolutionNode = FALSE
	EndGlobalSection
	GlobalSection(ExtensibilityGlobals) = postSolution
		SolutionGuid = {D8C2EA65-7332-4383-B2B8-704F48E9621D}
	EndGlobalSection
EndGlobal
