
Microsoft Visual Studio Solution File, Format Version 12.00
# Visual Studio Version 17
VisualStudioVersion = 17.5.002.0
MinimumVisualStudioVersion = 10.0.40219.1
Project("{9A19103F-16F7-4668-BE54-9A1E7A4F7556}") = "EmailAddresses", "EmailAddresses.csproj", "{27FCAAFB-D2E3-407D-B925-B058C090FA9B}"
EndProject
Global
	GlobalSection(SolutionConfigurationPlatforms) = preSolution
		Debug|Any CPU = Debug|Any CPU
		Release|Any CPU = Release|Any CPU
	EndGlobalSection
	GlobalSection(ProjectConfigurationPlatforms) = postSolution
		{27FCAAFB-D2E3-407D-B925-B058C090FA9B}.Debug|Any CPU.ActiveCfg = Debug|Any CPU
		{27FCAAFB-D2E3-407D-B925-B058C090FA9B}.Debug|Any CPU.Build.0 = Debug|Any CPU
		{27FCAAFB-D2E3-407D-B925-B058C090FA9B}.Release|Any CPU.ActiveCfg = Release|Any CPU
		{27FCAAFB-D2E3-407D-B925-B058C090FA9B}.Release|Any CPU.Build.0 = Release|Any CPU
	EndGlobalSection
	GlobalSection(SolutionProperties) = preSolution
		HideSolutionNode = FALSE
	EndGlobalSection
	GlobalSection(ExtensibilityGlobals) = postSolution
		SolutionGuid = {6E26EBF4-A9F6-4C8B-A975-059F9920D1E3}
	EndGlobalSection
EndGlobal
