
Microsoft Visual Studio Solution File, Format Version 12.00
# Visual Studio Version 17
VisualStudioVersion = 17.14.36603.0 d17.14
MinimumVisualStudioVersion = 10.0.40219.1
Project("{FAE04EC0-301F-11D3-BF4B-00C04F79EFBC}") = "API1", "API1\API1.csproj", "{D101B67D-3F73-BC67-0B65-5D3AFB754709}"
EndProject
Project("{FAE04EC0-301F-11D3-BF4B-00C04F79EFBC}") = "API1Test", "API1Test\API1Test.csproj", "{F414E136-A94F-4772-569B-895176CA4E42}"
EndProject
Global
	GlobalSection(SolutionConfigurationPlatforms) = preSolution
		Debug|Any CPU = Debug|Any CPU
		Release|Any CPU = Release|Any CPU
	EndGlobalSection
	GlobalSection(ProjectConfigurationPlatforms) = postSolution
		{D101B67D-3F73-BC67-0B65-5D3AFB754709}.Debug|Any CPU.ActiveCfg = Debug|Any CPU
		{D101B67D-3F73-BC67-0B65-5D3AFB754709}.Debug|Any CPU.Build.0 = Debug|Any CPU
		{D101B67D-3F73-BC67-0B65-5D3AFB754709}.Release|Any CPU.ActiveCfg = Release|Any CPU
		{D101B67D-3F73-BC67-0B65-5D3AFB754709}.Release|Any CPU.Build.0 = Release|Any CPU
		{F414E136-A94F-4772-569B-895176CA4E42}.Debug|Any CPU.ActiveCfg = Debug|Any CPU
		{F414E136-A94F-4772-569B-895176CA4E42}.Debug|Any CPU.Build.0 = Debug|Any CPU
		{F414E136-A94F-4772-569B-895176CA4E42}.Release|Any CPU.ActiveCfg = Release|Any CPU
		{F414E136-A94F-4772-569B-895176CA4E42}.Release|Any CPU.Build.0 = Release|Any CPU
	EndGlobalSection
	GlobalSection(SolutionProperties) = preSolution
		HideSolutionNode = FALSE
	EndGlobalSection
	GlobalSection(ExtensibilityGlobals) = postSolution
		SolutionGuid = {1B75F62A-62F2-4924-B08C-251549DBB18A}
	EndGlobalSection
EndGlobal
