
Microsoft Visual Studio Solution File, Format Version 12.00
# Visual Studio Version 17
VisualStudioVersion = 17.5.002.0
MinimumVisualStudioVersion = 10.0.40219.1
Project("{9A19103F-16F7-4668-BE54-9A1E7A4F7556}") = "MethodsMiniGame", "MethodsMiniGame.csproj", "{1E848024-4014-4183-8A13-BF865931DD4D}"
EndProject
Global
	GlobalSection(SolutionConfigurationPlatforms) = preSolution
		Debug|Any CPU = Debug|Any CPU
		Release|Any CPU = Release|Any CPU
	EndGlobalSection
	GlobalSection(ProjectConfigurationPlatforms) = postSolution
		{1E848024-4014-4183-8A13-BF865931DD4D}.Debug|Any CPU.ActiveCfg = Debug|Any CPU
		{1E848024-4014-4183-8A13-BF865931DD4D}.Debug|Any CPU.Build.0 = Debug|Any CPU
		{1E848024-4014-4183-8A13-BF865931DD4D}.Release|Any CPU.ActiveCfg = Release|Any CPU
		{1E848024-4014-4183-8A13-BF865931DD4D}.Release|Any CPU.Build.0 = Release|Any CPU
	EndGlobalSection
	GlobalSection(SolutionProperties) = preSolution
		HideSolutionNode = FALSE
	EndGlobalSection
	GlobalSection(ExtensibilityGlobals) = postSolution
		SolutionGuid = {32ECD713-DF75-4B12-8F2C-E646ECF2B031}
	EndGlobalSection
EndGlobal
