
Microsoft Visual Studio Solution File, Format Version 12.00
# Visual Studio Version 17
VisualStudioVersion = 17.5.002.0
MinimumVisualStudioVersion = 10.0.40219.1
Project("{9A19103F-16F7-4668-BE54-9A1E7A4F7556}") = "DogCatChallenge", "DogCatChallenge.csproj", "{8E8585CF-B185-4419-A3DA-1220795E9BE6}"
EndProject
Global
	GlobalSection(SolutionConfigurationPlatforms) = preSolution
		Debug|Any CPU = Debug|Any CPU
		Release|Any CPU = Release|Any CPU
	EndGlobalSection
	GlobalSection(ProjectConfigurationPlatforms) = postSolution
		{8E8585CF-B185-4419-A3DA-1220795E9BE6}.Debug|Any CPU.ActiveCfg = Debug|Any CPU
		{8E8585CF-B185-4419-A3DA-1220795E9BE6}.Debug|Any CPU.Build.0 = Debug|Any CPU
		{8E8585CF-B185-4419-A3DA-1220795E9BE6}.Release|Any CPU.ActiveCfg = Release|Any CPU
		{8E8585CF-B185-4419-A3DA-1220795E9BE6}.Release|Any CPU.Build.0 = Release|Any CPU
	EndGlobalSection
	GlobalSection(SolutionProperties) = preSolution
		HideSolutionNode = FALSE
	EndGlobalSection
	GlobalSection(ExtensibilityGlobals) = postSolution
		SolutionGuid = {38392348-647B-48B7-B5FF-5F5F65E1504C}
	EndGlobalSection
EndGlobal
